// !$*UTF8*$!
{
	archiveVersion = 1;
	classes = {
	};
	objectVersion = 46;
	objects = {

/* Begin PBXBuildFile section */
		B01206671F2C9DC600BCCB10 /* AppDelegate.swift in Sources */ = {isa = PBXBuildFile; fileRef = B01206661F2C9DC600BCCB10 /* AppDelegate.swift */; };
		B012066E1F2C9DC600BCCB10 /* Main.storyboard in Resources */ = {isa = PBXBuildFile; fileRef = B012066C1F2C9DC600BCCB10 /* Main.storyboard */; };
		B01206701F2C9DC600BCCB10 /* Assets.xcassets in Resources */ = {isa = PBXBuildFile; fileRef = B012066F1F2C9DC600BCCB10 /* Assets.xcassets */; };
		B01206731F2C9DC600BCCB10 /* LaunchScreen.storyboard in Resources */ = {isa = PBXBuildFile; fileRef = B01206711F2C9DC600BCCB10 /* LaunchScreen.storyboard */; };
		B012067B1F2C9E4600BCCB10 /* HomeViewController.swift in Sources */ = {isa = PBXBuildFile; fileRef = B012067A1F2C9E4600BCCB10 /* HomeViewController.swift */; };
		B01206801F2C9F8900BCCB10 /* iCarousel.m in Sources */ = {isa = PBXBuildFile; fileRef = B012067D1F2C9F8900BCCB10 /* iCarousel.m */; };
		B01206811F2C9F8900BCCB10 /* Info.plist in Resources */ = {isa = PBXBuildFile; fileRef = B012067F1F2C9F8900BCCB10 /* Info.plist */; };
		B01206841F2CA34800BCCB10 /* GoogleService-Info.plist in Resources */ = {isa = PBXBuildFile; fileRef = B01206831F2CA34800BCCB10 /* GoogleService-Info.plist */; };
		B0D4DC5B1F2E0BC80065C443 /* dummyImage.jpeg in Resources */ = {isa = PBXBuildFile; fileRef = B0D4DC5A1F2E0BC80065C443 /* dummyImage.jpeg */; };
		B0D4DC631F2E124B0065C443 /* EventsView.xib in Resources */ = {isa = PBXBuildFile; fileRef = B0D4DC621F2E124B0065C443 /* EventsView.xib */; };
		B0D4DC651F2E12B80065C443 /* EventsView.swift in Sources */ = {isa = PBXBuildFile; fileRef = B0D4DC641F2E12B80065C443 /* EventsView.swift */; };
		B0E1E3F21F2E077800B59F4C /* EventsDetailViewController.swift in Sources */ = {isa = PBXBuildFile; fileRef = B0E1E3EC1F2E077800B59F4C /* EventsDetailViewController.swift */; };
		B0E1E3F31F2E077800B59F4C /* EventsViewController.swift in Sources */ = {isa = PBXBuildFile; fileRef = B0E1E3ED1F2E077800B59F4C /* EventsViewController.swift */; };
		B0E1E3F41F2E077800B59F4C /* MessagesViewController.swift in Sources */ = {isa = PBXBuildFile; fileRef = B0E1E3EE1F2E077800B59F4C /* MessagesViewController.swift */; };
		B0E1E3F51F2E077800B59F4C /* NearbyViewController.swift in Sources */ = {isa = PBXBuildFile; fileRef = B0E1E3EF1F2E077800B59F4C /* NearbyViewController.swift */; };
		B0E1E3F61F2E077800B59F4C /* ProfileViewController.swift in Sources */ = {isa = PBXBuildFile; fileRef = B0E1E3F01F2E077800B59F4C /* ProfileViewController.swift */; };
		B0E1E3F71F2E077800B59F4C /* VenuesViewController.swift in Sources */ = {isa = PBXBuildFile; fileRef = B0E1E3F11F2E077800B59F4C /* VenuesViewController.swift */; };
		B0E1E3FA1F2E080B00B59F4C /* SearchViewController.swift in Sources */ = {isa = PBXBuildFile; fileRef = B0E1E3F91F2E080B00B59F4C /* SearchViewController.swift */; };
		DBFB85B2E6C0790727B3D20D /* Pods_beatrips.framework in Frameworks */ = {isa = PBXBuildFile; fileRef = 04611496E65744FCF1F16589 /* Pods_beatrips.framework */; };
/* End PBXBuildFile section */

/* Begin PBXFileReference section */
		04611496E65744FCF1F16589 /* Pods_beatrips.framework */ = {isa = PBXFileReference; explicitFileType = wrapper.framework; includeInIndex = 0; path = Pods_beatrips.framework; sourceTree = BUILT_PRODUCTS_DIR; };
		B01206631F2C9DC600BCCB10 /* beatrips.app */ = {isa = PBXFileReference; explicitFileType = wrapper.application; includeInIndex = 0; path = beatrips.app; sourceTree = BUILT_PRODUCTS_DIR; };
		B01206661F2C9DC600BCCB10 /* AppDelegate.swift */ = {isa = PBXFileReference; lastKnownFileType = sourcecode.swift; path = AppDelegate.swift; sourceTree = "<group>"; };
		B012066D1F2C9DC600BCCB10 /* Base */ = {isa = PBXFileReference; lastKnownFileType = file.storyboard; name = Base; path = Base.lproj/Main.storyboard; sourceTree = "<group>"; };
		B012066F1F2C9DC600BCCB10 /* Assets.xcassets */ = {isa = PBXFileReference; lastKnownFileType = folder.assetcatalog; path = Assets.xcassets; sourceTree = "<group>"; };
		B01206721F2C9DC600BCCB10 /* Base */ = {isa = PBXFileReference; lastKnownFileType = file.storyboard; name = Base; path = Base.lproj/LaunchScreen.storyboard; sourceTree = "<group>"; };
		B01206741F2C9DC600BCCB10 /* Info.plist */ = {isa = PBXFileReference; lastKnownFileType = text.plist.xml; path = Info.plist; sourceTree = "<group>"; };
		B012067A1F2C9E4600BCCB10 /* HomeViewController.swift */ = {isa = PBXFileReference; fileEncoding = 4; lastKnownFileType = sourcecode.swift; name = HomeViewController.swift; path = ViewControllers/HomeViewController.swift; sourceTree = "<group>"; };
		B012067D1F2C9F8900BCCB10 /* iCarousel.m */ = {isa = PBXFileReference; fileEncoding = 4; lastKnownFileType = sourcecode.c.objc; path = iCarousel.m; sourceTree = "<group>"; };
		B012067E1F2C9F8900BCCB10 /* iCarousel.h */ = {isa = PBXFileReference; fileEncoding = 4; lastKnownFileType = sourcecode.c.h; path = iCarousel.h; sourceTree = "<group>"; };
		B012067F1F2C9F8900BCCB10 /* Info.plist */ = {isa = PBXFileReference; fileEncoding = 4; lastKnownFileType = text.plist.xml; path = Info.plist; sourceTree = "<group>"; };
		B01206821F2C9FA500BCCB10 /* Beatrips_Bridging_Header.h */ = {isa = PBXFileReference; lastKnownFileType = sourcecode.c.h; path = Beatrips_Bridging_Header.h; sourceTree = "<group>"; };
		B01206831F2CA34800BCCB10 /* GoogleService-Info.plist */ = {isa = PBXFileReference; fileEncoding = 4; lastKnownFileType = text.plist.xml; path = "GoogleService-Info.plist"; sourceTree = "<group>"; };
		B0D4DC5A1F2E0BC80065C443 /* dummyImage.jpeg */ = {isa = PBXFileReference; lastKnownFileType = image.jpeg; name = dummyImage.jpeg; path = Images/dummyImage.jpeg; sourceTree = "<group>"; };
		B0D4DC621F2E124B0065C443 /* EventsView.xib */ = {isa = PBXFileReference; fileEncoding = 4; lastKnownFileType = file.xib; path = EventsView.xib; sourceTree = "<group>"; };
		B0D4DC641F2E12B80065C443 /* EventsView.swift */ = {isa = PBXFileReference; fileEncoding = 4; lastKnownFileType = sourcecode.swift; path = EventsView.swift; sourceTree = "<group>"; };
		B0E1E3EC1F2E077800B59F4C /* EventsDetailViewController.swift */ = {isa = PBXFileReference; fileEncoding = 4; lastKnownFileType = sourcecode.swift; name = EventsDetailViewController.swift; path = ViewControllers/EventsDetailViewController.swift; sourceTree = "<group>"; };
		B0E1E3ED1F2E077800B59F4C /* EventsViewController.swift */ = {isa = PBXFileReference; fileEncoding = 4; lastKnownFileType = sourcecode.swift; name = EventsViewController.swift; path = ViewControllers/EventsViewController.swift; sourceTree = "<group>"; };
		B0E1E3EE1F2E077800B59F4C /* MessagesViewController.swift */ = {isa = PBXFileReference; fileEncoding = 4; lastKnownFileType = sourcecode.swift; name = MessagesViewController.swift; path = ViewControllers/MessagesViewController.swift; sourceTree = "<group>"; };
		B0E1E3EF1F2E077800B59F4C /* NearbyViewController.swift */ = {isa = PBXFileReference; fileEncoding = 4; lastKnownFileType = sourcecode.swift; name = NearbyViewController.swift; path = ViewControllers/NearbyViewController.swift; sourceTree = "<group>"; };
		B0E1E3F01F2E077800B59F4C /* ProfileViewController.swift */ = {isa = PBXFileReference; fileEncoding = 4; lastKnownFileType = sourcecode.swift; name = ProfileViewController.swift; path = ViewControllers/ProfileViewController.swift; sourceTree = "<group>"; };
		B0E1E3F11F2E077800B59F4C /* VenuesViewController.swift */ = {isa = PBXFileReference; fileEncoding = 4; lastKnownFileType = sourcecode.swift; name = VenuesViewController.swift; path = ViewControllers/VenuesViewController.swift; sourceTree = "<group>"; };
		B0E1E3F91F2E080B00B59F4C /* SearchViewController.swift */ = {isa = PBXFileReference; fileEncoding = 4; lastKnownFileType = sourcecode.swift; name = SearchViewController.swift; path = ViewControllers/SearchViewController.swift; sourceTree = "<group>"; };
		EC2C0890A0E478277A264BA9 /* Pods-beatrips.release.xcconfig */ = {isa = PBXFileReference; includeInIndex = 1; lastKnownFileType = text.xcconfig; name = "Pods-beatrips.release.xcconfig"; path = "Pods/Target Support Files/Pods-beatrips/Pods-beatrips.release.xcconfig"; sourceTree = "<group>"; };
		EF2DBBA7E206680986CDF35E /* Pods-beatrips.debug.xcconfig */ = {isa = PBXFileReference; includeInIndex = 1; lastKnownFileType = text.xcconfig; name = "Pods-beatrips.debug.xcconfig"; path = "Pods/Target Support Files/Pods-beatrips/Pods-beatrips.debug.xcconfig"; sourceTree = "<group>"; };
/* End PBXFileReference section */

/* Begin PBXFrameworksBuildPhase section */
		B01206601F2C9DC600BCCB10 /* Frameworks */ = {
			isa = PBXFrameworksBuildPhase;
			buildActionMask = 2147483647;
			files = (
				DBFB85B2E6C0790727B3D20D /* Pods_beatrips.framework in Frameworks */,
			);
			runOnlyForDeploymentPostprocessing = 0;
		};
/* End PBXFrameworksBuildPhase section */

/* Begin PBXGroup section */
		720588A8465C6E80529EDF74 /* Pods */ = {
			isa = PBXGroup;
			children = (
				EF2DBBA7E206680986CDF35E /* Pods-beatrips.debug.xcconfig */,
				EC2C0890A0E478277A264BA9 /* Pods-beatrips.release.xcconfig */,
			);
			name = Pods;
			sourceTree = "<group>";
		};
		B012065A1F2C9DC600BCCB10 = {
			isa = PBXGroup;
			children = (
				B012067C1F2C9F8900BCCB10 /* iCarousel */,
				B01206651F2C9DC600BCCB10 /* beatrips */,
				B01206641F2C9DC600BCCB10 /* Products */,
				720588A8465C6E80529EDF74 /* Pods */,
				CAE92556A0D8849ED020EF18 /* Frameworks */,
			);
			sourceTree = "<group>";
		};
		B01206641F2C9DC600BCCB10 /* Products */ = {
			isa = PBXGroup;
			children = (
				B01206631F2C9DC600BCCB10 /* beatrips.app */,
			);
			name = Products;
			sourceTree = "<group>";
		};
		B01206651F2C9DC600BCCB10 /* beatrips */ = {
			isa = PBXGroup;
			children = (
				B0D4DC5C1F2E0BCE0065C443 /* Images */,
				B0E1E3F81F2E07D800B59F4C /* View Controllers */,
				B01206661F2C9DC600BCCB10 /* AppDelegate.swift */,
				B012066C1F2C9DC600BCCB10 /* Main.storyboard */,
				B0D4DC611F2E11590065C443 /* Nibs */,
				B012066F1F2C9DC600BCCB10 /* Assets.xcassets */,
				B01206711F2C9DC600BCCB10 /* LaunchScreen.storyboard */,
				B01206741F2C9DC600BCCB10 /* Info.plist */,
				B01206831F2CA34800BCCB10 /* GoogleService-Info.plist */,
				B01206821F2C9FA500BCCB10 /* Beatrips_Bridging_Header.h */,
			);
			path = beatrips;
			sourceTree = "<group>";
		};
		B012067C1F2C9F8900BCCB10 /* iCarousel */ = {
			isa = PBXGroup;
			children = (
				B012067D1F2C9F8900BCCB10 /* iCarousel.m */,
				B012067E1F2C9F8900BCCB10 /* iCarousel.h */,
				B012067F1F2C9F8900BCCB10 /* Info.plist */,
			);
			path = iCarousel;
			sourceTree = "<group>";
		};
		B0D4DC5C1F2E0BCE0065C443 /* Images */ = {
			isa = PBXGroup;
			children = (
				B0D4DC5A1F2E0BC80065C443 /* dummyImage.jpeg */,
			);
			name = Images;
			sourceTree = "<group>";
		};
		B0D4DC611F2E11590065C443 /* Nibs */ = {
			isa = PBXGroup;
			children = (
				B0D4DC621F2E124B0065C443 /* EventsView.xib */,
				B0D4DC641F2E12B80065C443 /* EventsView.swift */,
			);
			name = Nibs;
			sourceTree = "<group>";
		};
		B0E1E3F81F2E07D800B59F4C /* View Controllers */ = {
			isa = PBXGroup;
			children = (
				B0E1E3F91F2E080B00B59F4C /* SearchViewController.swift */,
				B0E1E3EC1F2E077800B59F4C /* EventsDetailViewController.swift */,
				B0E1E3ED1F2E077800B59F4C /* EventsViewController.swift */,
				B0E1E3EE1F2E077800B59F4C /* MessagesViewController.swift */,
				B0E1E3EF1F2E077800B59F4C /* NearbyViewController.swift */,
				B0E1E3F01F2E077800B59F4C /* ProfileViewController.swift */,
				B0E1E3F11F2E077800B59F4C /* VenuesViewController.swift */,
				B012067A1F2C9E4600BCCB10 /* HomeViewController.swift */,
			);
			name = "View Controllers";
			sourceTree = "<group>";
		};
		CAE92556A0D8849ED020EF18 /* Frameworks */ = {
			isa = PBXGroup;
			children = (
				04611496E65744FCF1F16589 /* Pods_beatrips.framework */,
			);
			name = Frameworks;
			sourceTree = "<group>";
		};
/* End PBXGroup section */

/* Begin PBXNativeTarget section */
		B01206621F2C9DC600BCCB10 /* beatrips */ = {
			isa = PBXNativeTarget;
			buildConfigurationList = B01206771F2C9DC600BCCB10 /* Build configuration list for PBXNativeTarget "beatrips" */;
			buildPhases = (
				E88E0CCBFF2766C56CA1F980 /* [CP] Check Pods Manifest.lock */,
				B012065F1F2C9DC600BCCB10 /* Sources */,
				B01206601F2C9DC600BCCB10 /* Frameworks */,
				B01206611F2C9DC600BCCB10 /* Resources */,
				92C94F6FB8A91F94115ED611 /* [CP] Embed Pods Frameworks */,
				708BB3551280177369EDD203 /* [CP] Copy Pods Resources */,
			);
			buildRules = (
			);
			dependencies = (
			);
			name = beatrips;
			productName = beatrips;
			productReference = B01206631F2C9DC600BCCB10 /* beatrips.app */;
			productType = "com.apple.product-type.application";
		};
/* End PBXNativeTarget section */

/* Begin PBXProject section */
		B012065B1F2C9DC600BCCB10 /* Project object */ = {
			isa = PBXProject;
			attributes = {
				LastSwiftUpdateCheck = 0830;
				LastUpgradeCheck = 0830;
				ORGANIZATIONNAME = "Burak Uzunboy";
				TargetAttributes = {
					B01206621F2C9DC600BCCB10 = {
						CreatedOnToolsVersion = 8.3.2;
						DevelopmentTeam = TH7WKQ5F7Q;
						ProvisioningStyle = Automatic;
					};
				};
			};
			buildConfigurationList = B012065E1F2C9DC600BCCB10 /* Build configuration list for PBXProject "beatrips" */;
			compatibilityVersion = "Xcode 3.2";
			developmentRegion = English;
			hasScannedForEncodings = 0;
			knownRegions = (
				en,
				Base,
			);
			mainGroup = B012065A1F2C9DC600BCCB10;
			productRefGroup = B01206641F2C9DC600BCCB10 /* Products */;
			projectDirPath = "";
			projectRoot = "";
			targets = (
				B01206621F2C9DC600BCCB10 /* beatrips */,
			);
		};
/* End PBXProject section */

/* Begin PBXResourcesBuildPhase section */
		B01206611F2C9DC600BCCB10 /* Resources */ = {
			isa = PBXResourcesBuildPhase;
			buildActionMask = 2147483647;
			files = (
				B01206811F2C9F8900BCCB10 /* Info.plist in Resources */,
				B01206731F2C9DC600BCCB10 /* LaunchScreen.storyboard in Resources */,
				B0D4DC5B1F2E0BC80065C443 /* dummyImage.jpeg in Resources */,
				B01206841F2CA34800BCCB10 /* GoogleService-Info.plist in Resources */,
				B01206701F2C9DC600BCCB10 /* Assets.xcassets in Resources */,
				B012066E1F2C9DC600BCCB10 /* Main.storyboard in Resources */,
				B0D4DC631F2E124B0065C443 /* EventsView.xib in Resources */,
			);
			runOnlyForDeploymentPostprocessing = 0;
		};
/* End PBXResourcesBuildPhase section */

/* Begin PBXShellScriptBuildPhase section */
		708BB3551280177369EDD203 /* [CP] Copy Pods Resources */ = {
			isa = PBXShellScriptBuildPhase;
			buildActionMask = 2147483647;
			files = (
			);
			inputPaths = (
			);
			name = "[CP] Copy Pods Resources";
			outputPaths = (
			);
			runOnlyForDeploymentPostprocessing = 0;
			shellPath = /bin/sh;
			shellScript = "\"${SRCROOT}/Pods/Target Support Files/Pods-beatrips/Pods-beatrips-resources.sh\"\n";
			showEnvVarsInLog = 0;
		};
		92C94F6FB8A91F94115ED611 /* [CP] Embed Pods Frameworks */ = {
			isa = PBXShellScriptBuildPhase;
			buildActionMask = 2147483647;
			files = (
			);
			inputPaths = (
			);
			name = "[CP] Embed Pods Frameworks";
			outputPaths = (
			);
			runOnlyForDeploymentPostprocessing = 0;
			shellPath = /bin/sh;
			shellScript = "\"${SRCROOT}/Pods/Target Support Files/Pods-beatrips/Pods-beatrips-frameworks.sh\"\n";
			showEnvVarsInLog = 0;
		};
		E88E0CCBFF2766C56CA1F980 /* [CP] Check Pods Manifest.lock */ = {
			isa = PBXShellScriptBuildPhase;
			buildActionMask = 2147483647;
			files = (
			);
			inputPaths = (
			);
			name = "[CP] Check Pods Manifest.lock";
			outputPaths = (
			);
			runOnlyForDeploymentPostprocessing = 0;
			shellPath = /bin/sh;
			shellScript = "diff \"${PODS_ROOT}/../Podfile.lock\" \"${PODS_ROOT}/Manifest.lock\" > /dev/null\nif [ $? != 0 ] ; then\n    # print error to STDERR\n    echo \"error: The sandbox is not in sync with the Podfile.lock. Run 'pod install' or update your CocoaPods installation.\" >&2\n    exit 1\nfi\n";
			showEnvVarsInLog = 0;
		};
/* End PBXShellScriptBuildPhase section */

/* Begin PBXSourcesBuildPhase section */
		B012065F1F2C9DC600BCCB10 /* Sources */ = {
			isa = PBXSourcesBuildPhase;
			buildActionMask = 2147483647;
			files = (
				B0E1E3FA1F2E080B00B59F4C /* SearchViewController.swift in Sources */,
				B01206801F2C9F8900BCCB10 /* iCarousel.m in Sources */,
				B0E1E3F41F2E077800B59F4C /* MessagesViewController.swift in Sources */,
				B0E1E3F21F2E077800B59F4C /* EventsDetailViewController.swift in Sources */,
				B01206671F2C9DC600BCCB10 /* AppDelegate.swift in Sources */,
				B0E1E3F51F2E077800B59F4C /* NearbyViewController.swift in Sources */,
				B0E1E3F61F2E077800B59F4C /* ProfileViewController.swift in Sources */,
				B012067B1F2C9E4600BCCB10 /* HomeViewController.swift in Sources */,
				B0E1E3F71F2E077800B59F4C /* VenuesViewController.swift in Sources */,
				B0E1E3F31F2E077800B59F4C /* EventsViewController.swift in Sources */,
				B0D4DC651F2E12B80065C443 /* EventsView.swift in Sources */,
			);
			runOnlyForDeploymentPostprocessing = 0;
		};
/* End PBXSourcesBuildPhase section */

/* Begin PBXVariantGroup section */
		B012066C1F2C9DC600BCCB10 /* Main.storyboard */ = {
			isa = PBXVariantGroup;
			children = (
				B012066D1F2C9DC600BCCB10 /* Base */,
			);
			name = Main.storyboard;
			sourceTree = "<group>";
		};
		B01206711F2C9DC600BCCB10 /* LaunchScreen.storyboard */ = {
			isa = PBXVariantGroup;
			children = (
				B01206721F2C9DC600BCCB10 /* Base */,
			);
			name = LaunchScreen.storyboard;
			sourceTree = "<group>";
		};
/* End PBXVariantGroup section */

/* Begin XCBuildConfiguration section */
		B01206751F2C9DC600BCCB10 /* Debug */ = {
			isa = XCBuildConfiguration;
			buildSettings = {
				ALWAYS_SEARCH_USER_PATHS = NO;
				CLANG_ANALYZER_NONNULL = YES;
				CLANG_ANALYZER_NUMBER_OBJECT_CONVERSION = YES_AGGRESSIVE;
				CLANG_CXX_LANGUAGE_STANDARD = "gnu++0x";
				CLANG_CXX_LIBRARY = "libc++";
				CLANG_ENABLE_MODULES = YES;
				CLANG_ENABLE_OBJC_ARC = YES;
				CLANG_WARN_BOOL_CONVERSION = YES;
				CLANG_WARN_CONSTANT_CONVERSION = YES;
				CLANG_WARN_DIRECT_OBJC_ISA_USAGE = YES_ERROR;
				CLANG_WARN_DOCUMENTATION_COMMENTS = YES;
				CLANG_WARN_EMPTY_BODY = YES;
				CLANG_WARN_ENUM_CONVERSION = YES;
				CLANG_WARN_INFINITE_RECURSION = YES;
				CLANG_WARN_INT_CONVERSION = YES;
				CLANG_WARN_OBJC_ROOT_CLASS = YES_ERROR;
				CLANG_WARN_SUSPICIOUS_MOVE = YES;
				CLANG_WARN_UNREACHABLE_CODE = YES;
				CLANG_WARN__DUPLICATE_METHOD_MATCH = YES;
				"CODE_SIGN_IDENTITY[sdk=iphoneos*]" = "iPhone Developer";
				COPY_PHASE_STRIP = NO;
				DEBUG_INFORMATION_FORMAT = dwarf;
				ENABLE_STRICT_OBJC_MSGSEND = YES;
				ENABLE_TESTABILITY = YES;
				GCC_C_LANGUAGE_STANDARD = gnu99;
				GCC_DYNAMIC_NO_PIC = NO;
				GCC_NO_COMMON_BLOCKS = YES;
				GCC_OPTIMIZATION_LEVEL = 0;
				GCC_PREPROCESSOR_DEFINITIONS = (
					"DEBUG=1",
					"$(inherited)",
				);
				GCC_WARN_64_TO_32_BIT_CONVERSION = YES;
				GCC_WARN_ABOUT_RETURN_TYPE = YES_ERROR;
				GCC_WARN_UNDECLARED_SELECTOR = YES;
				GCC_WARN_UNINITIALIZED_AUTOS = YES_AGGRESSIVE;
				GCC_WARN_UNUSED_FUNCTION = YES;
				GCC_WARN_UNUSED_VARIABLE = YES;
				IPHONEOS_DEPLOYMENT_TARGET = 10.3;
				MTL_ENABLE_DEBUG_INFO = YES;
				ONLY_ACTIVE_ARCH = YES;
				SDKROOT = iphoneos;
				SWIFT_ACTIVE_COMPILATION_CONDITIONS = DEBUG;
				SWIFT_OPTIMIZATION_LEVEL = "-Onone";
				TARGETED_DEVICE_FAMILY = "1,2";
			};
			name = Debug;
		};
		B01206761F2C9DC600BCCB10 /* Release */ = {
			isa = XCBuildConfiguration;
			buildSettings = {
				ALWAYS_SEARCH_USER_PATHS = NO;
				CLANG_ANALYZER_NONNULL = YES;
				CLANG_ANALYZER_NUMBER_OBJECT_CONVERSION = YES_AGGRESSIVE;
				CLANG_CXX_LANGUAGE_STANDARD = "gnu++0x";
				CLANG_CXX_LIBRARY = "libc++";
				CLANG_ENABLE_MODULES = YES;
				CLANG_ENABLE_OBJC_ARC = YES;
				CLANG_WARN_BOOL_CONVERSION = YES;
				CLANG_WARN_CONSTANT_CONVERSION = YES;
				CLANG_WARN_DIRECT_OBJC_ISA_USAGE = YES_ERROR;
				CLANG_WARN_DOCUMENTATION_COMMENTS = YES;
				CLANG_WARN_EMPTY_BODY = YES;
				CLANG_WARN_ENUM_CONVERSION = YES;
				CLANG_WARN_INFINITE_RECURSION = YES;
				CLANG_WARN_INT_CONVERSION = YES;
				CLANG_WARN_OBJC_ROOT_CLASS = YES_ERROR;
				CLANG_WARN_SUSPICIOUS_MOVE = YES;
				CLANG_WARN_UNREACHABLE_CODE = YES;
				CLANG_WARN__DUPLICATE_METHOD_MATCH = YES;
				"CODE_SIGN_IDENTITY[sdk=iphoneos*]" = "iPhone Developer";
				COPY_PHASE_STRIP = NO;
				DEBUG_INFORMATION_FORMAT = "dwarf-with-dsym";
				ENABLE_NS_ASSERTIONS = NO;
				ENABLE_STRICT_OBJC_MSGSEND = YES;
				GCC_C_LANGUAGE_STANDARD = gnu99;
				GCC_NO_COMMON_BLOCKS = YES;
				GCC_WARN_64_TO_32_BIT_CONVERSION = YES;
				GCC_WARN_ABOUT_RETURN_TYPE = YES_ERROR;
				GCC_WARN_UNDECLARED_SELECTOR = YES;
				GCC_WARN_UNINITIALIZED_AUTOS = YES_AGGRESSIVE;
				GCC_WARN_UNUSED_FUNCTION = YES;
				GCC_WARN_UNUSED_VARIABLE = YES;
				IPHONEOS_DEPLOYMENT_TARGET = 10.3;
				MTL_ENABLE_DEBUG_INFO = NO;
				SDKROOT = iphoneos;
				SWIFT_OPTIMIZATION_LEVEL = "-Owholemodule";
				TARGETED_DEVICE_FAMILY = "1,2";
				VALIDATE_PRODUCT = YES;
			};
			name = Release;
		};
		B01206781F2C9DC600BCCB10 /* Debug */ = {
			isa = XCBuildConfiguration;
			baseConfigurationReference = EF2DBBA7E206680986CDF35E /* Pods-beatrips.debug.xcconfig */;
			buildSettings = {
				ASSETCATALOG_COMPILER_APPICON_NAME = AppIcon;
				DEVELOPMENT_TEAM = TH7WKQ5F7Q;
				INFOPLIST_FILE = beatrips/Info.plist;
				LD_RUNPATH_SEARCH_PATHS = "$(inherited) @executable_path/Frameworks";
				PRODUCT_BUNDLE_IDENTIFIER = beatrips.beatrips;
				PRODUCT_NAME = "$(TARGET_NAME)";
				SWIFT_OBJC_BRIDGING_HEADER = beatrips/Beatrips_Bridging_Header.h;
				SWIFT_VERSION = 3.0;
			};
			name = Debug;
		};
		B01206791F2C9DC600BCCB10 /* Release */ = {
			isa = XCBuildConfiguration;
			baseConfigurationReference = EC2C0890A0E478277A264BA9 /* Pods-beatrips.release.xcconfig */;
			buildSettings = {
				ASSETCATALOG_COMPILER_APPICON_NAME = AppIcon;
				DEVELOPMENT_TEAM = TH7WKQ5F7Q;
				INFOPLIST_FILE = beatrips/Info.plist;
				LD_RUNPATH_SEARCH_PATHS = "$(inherited) @executable_path/Frameworks";
				PRODUCT_BUNDLE_IDENTIFIER = beatrips.beatrips;
				PRODUCT_NAME = "$(TARGET_NAME)";
				SWIFT_OBJC_BRIDGING_HEADER = beatrips/Beatrips_Bridging_Header.h;
				SWIFT_VERSION = 3.0;
			};
			name = Release;
		};
/* End XCBuildConfiguration section */

/* Begin XCConfigurationList section */
		B012065E1F2C9DC600BCCB10 /* Build configuration list for PBXProject "beatrips" */ = {
			isa = XCConfigurationList;
			buildConfigurations = (
				B01206751F2C9DC600BCCB10 /* Debug */,
				B01206761F2C9DC600BCCB10 /* Release */,
			);
			defaultConfigurationIsVisible = 0;
			defaultConfigurationName = Release;
		};
		B01206771F2C9DC600BCCB10 /* Build configuration list for PBXNativeTarget "beatrips" */ = {
			isa = XCConfigurationList;
			buildConfigurations = (
				B01206781F2C9DC600BCCB10 /* Debug */,
				B01206791F2C9DC600BCCB10 /* Release */,
			);
			defaultConfigurationIsVisible = 0;
			defaultConfigurationName = Release;
		};
/* End XCConfigurationList section */
	};
	rootObject = B012065B1F2C9DC600BCCB10 /* Project object */;
}
